
Microsoft Visual Studio Solution File, Format Version 12.00
Project("{FAE04EC0-301F-11D3-BF4B-00C04F79EFBC}") = "MedApp.API", "backend\src\MedApp.API\MedApp.API.csproj", "{23D6E051-3AE2-4508-B1B2-335D3B16A121}"
EndProject
Project("{FAE04EC0-301F-11D3-BF4B-00C04F79EFBC}") = "MedApp.Models", "backend\src\MedApp.Models\MedApp.Models.csproj", "{D85ED617-654A-4CEA-8B01-480FB8240D5C}"
EndProject
Project("{FAE04EC0-301F-11D3-BF4B-00C04F79EFBC}") = "MedApp.Services", "backend\src\MedApp.Services\MedApp.Services.csproj", "{CA49666A-D699-44E8-B741-B1202D052F0D}"
EndProject
Project("{FAE04EC0-301F-11D3-BF4B-00C04F79EFBC}") = "MedApp.DAL", "backend\src\MedApp.DAL\MedApp.DAL.csproj", "{7314AFD3-2D42-4FC1-9435-7E096ABD95F8}"
EndProject
Project("{2150E333-8FDC-42A3-9474-1A3956D46DE8}") = "backend", "backend", "{1AE8ACA6-933B-BF2A-3671-3E2EAC007D16}"
EndProject
Project("{2150E333-8FDC-42A3-9474-1A3956D46DE8}") = "tests", "tests", "{F57642F3-C37C-D174-720E-6A6AAD5BEE22}"
EndProject
Project("{FAE04EC0-301F-11D3-BF4B-00C04F79EFBC}") = "MedApp.API.Tests", "backend\tests\MedApp.API.Tests\MedApp.API.Tests.csproj", "{4292318B-1EDB-4752-86E0-F8F55E62A6F2}"
EndProject
Project("{2150E333-8FDC-42A3-9474-1A3956D46DE8}") = "src", "src", "{0F9113EE-888A-26D2-68B0-4A7D0A2A8745}"
EndProject
Project("{FAE04EC0-301F-11D3-BF4B-00C04F79EFBC}") = "MedApp.Services.Tests", "backend\tests\MedApp.Services.Tests\MedApp.Services.Tests.csproj", "{2E33440A-DAE9-4F71-8012-101B70DAB347}"
EndProject
Global
	GlobalSection(SolutionConfigurationPlatforms) = preSolution
		Debug|Any CPU = Debug|Any CPU
		Debug|x64 = Debug|x64
		Debug|x86 = Debug|x86
		Release|Any CPU = Release|Any CPU
		Release|x64 = Release|x64
		Release|x86 = Release|x86
	EndGlobalSection
	GlobalSection(ProjectConfigurationPlatforms) = postSolution
		{23D6E051-3AE2-4508-B1B2-335D3B16A121}.Debug|Any CPU.ActiveCfg = Debug|Any CPU
		{23D6E051-3AE2-4508-B1B2-335D3B16A121}.Debug|Any CPU.Build.0 = Debug|Any CPU
		{23D6E051-3AE2-4508-B1B2-335D3B16A121}.Debug|x64.ActiveCfg = Debug|Any CPU
		{23D6E051-3AE2-4508-B1B2-335D3B16A121}.Debug|x64.Build.0 = Debug|Any CPU
		{23D6E051-3AE2-4508-B1B2-335D3B16A121}.Debug|x86.ActiveCfg = Debug|Any CPU
		{23D6E051-3AE2-4508-B1B2-335D3B16A121}.Debug|x86.Build.0 = Debug|Any CPU
		{23D6E051-3AE2-4508-B1B2-335D3B16A121}.Release|Any CPU.ActiveCfg = Release|Any CPU
		{23D6E051-3AE2-4508-B1B2-335D3B16A121}.Release|Any CPU.Build.0 = Release|Any CPU
		{23D6E051-3AE2-4508-B1B2-335D3B16A121}.Release|x64.ActiveCfg = Release|Any CPU
		{23D6E051-3AE2-4508-B1B2-335D3B16A121}.Release|x64.Build.0 = Release|Any CPU
		{23D6E051-3AE2-4508-B1B2-335D3B16A121}.Release|x86.ActiveCfg = Release|Any CPU
		{23D6E051-3AE2-4508-B1B2-335D3B16A121}.Release|x86.Build.0 = Release|Any CPU
		{D85ED617-654A-4CEA-8B01-480FB8240D5C}.Debug|Any CPU.ActiveCfg = Debug|Any CPU
		{D85ED617-654A-4CEA-8B01-480FB8240D5C}.Debug|Any CPU.Build.0 = Debug|Any CPU
		{D85ED617-654A-4CEA-8B01-480FB8240D5C}.Debug|x64.ActiveCfg = Debug|Any CPU
		{D85ED617-654A-4CEA-8B01-480FB8240D5C}.Debug|x64.Build.0 = Debug|Any CPU
		{D85ED617-654A-4CEA-8B01-480FB8240D5C}.Debug|x86.ActiveCfg = Debug|Any CPU
		{D85ED617-654A-4CEA-8B01-480FB8240D5C}.Debug|x86.Build.0 = Debug|Any CPU
		{D85ED617-654A-4CEA-8B01-480FB8240D5C}.Release|Any CPU.ActiveCfg = Release|Any CPU
		{D85ED617-654A-4CEA-8B01-480FB8240D5C}.Release|Any CPU.Build.0 = Release|Any CPU
		{D85ED617-654A-4CEA-8B01-480FB8240D5C}.Release|x64.ActiveCfg = Release|Any CPU
		{D85ED617-654A-4CEA-8B01-480FB8240D5C}.Release|x64.Build.0 = Release|Any CPU
		{D85ED617-654A-4CEA-8B01-480FB8240D5C}.Release|x86.ActiveCfg = Release|Any CPU
		{D85ED617-654A-4CEA-8B01-480FB8240D5C}.Release|x86.Build.0 = Release|Any CPU
		{CA49666A-D699-44E8-B741-B1202D052F0D}.Debug|Any CPU.ActiveCfg = Debug|Any CPU
		{CA49666A-D699-44E8-B741-B1202D052F0D}.Debug|Any CPU.Build.0 = Debug|Any CPU
		{CA49666A-D699-44E8-B741-B1202D052F0D}.Debug|x64.ActiveCfg = Debug|Any CPU
		{CA49666A-D699-44E8-B741-B1202D052F0D}.Debug|x64.Build.0 = Debug|Any CPU
		{CA49666A-D699-44E8-B741-B1202D052F0D}.Debug|x86.ActiveCfg = Debug|Any CPU
		{CA49666A-D699-44E8-B741-B1202D052F0D}.Debug|x86.Build.0 = Debug|Any CPU
		{CA49666A-D699-44E8-B741-B1202D052F0D}.Release|Any CPU.ActiveCfg = Release|Any CPU
		{CA49666A-D699-44E8-B741-B1202D052F0D}.Release|Any CPU.Build.0 = Release|Any CPU
		{CA49666A-D699-44E8-B741-B1202D052F0D}.Release|x64.ActiveCfg = Release|Any CPU
		{CA49666A-D699-44E8-B741-B1202D052F0D}.Release|x64.Build.0 = Release|Any CPU
		{CA49666A-D699-44E8-B741-B1202D052F0D}.Release|x86.ActiveCfg = Release|Any CPU
		{CA49666A-D699-44E8-B741-B1202D052F0D}.Release|x86.Build.0 = Release|Any CPU
		{7314AFD3-2D42-4FC1-9435-7E096ABD95F8}.Debug|Any CPU.ActiveCfg = Debug|Any CPU
		{7314AFD3-2D42-4FC1-9435-7E096ABD95F8}.Debug|Any CPU.Build.0 = Debug|Any CPU
		{7314AFD3-2D42-4FC1-9435-7E096ABD95F8}.Debug|x64.ActiveCfg = Debug|Any CPU
		{7314AFD3-2D42-4FC1-9435-7E096ABD95F8}.Debug|x64.Build.0 = Debug|Any CPU
		{7314AFD3-2D42-4FC1-9435-7E096ABD95F8}.Debug|x86.ActiveCfg = Debug|Any CPU
		{7314AFD3-2D42-4FC1-9435-7E096ABD95F8}.Debug|x86.Build.0 = Debug|Any CPU
		{7314AFD3-2D42-4FC1-9435-7E096ABD95F8}.Release|Any CPU.ActiveCfg = Release|Any CPU
		{7314AFD3-2D42-4FC1-9435-7E096ABD95F8}.Release|Any CPU.Build.0 = Release|Any CPU
		{7314AFD3-2D42-4FC1-9435-7E096ABD95F8}.Release|x64.ActiveCfg = Release|Any CPU
		{7314AFD3-2D42-4FC1-9435-7E096ABD95F8}.Release|x64.Build.0 = Release|Any CPU
		{7314AFD3-2D42-4FC1-9435-7E096ABD95F8}.Release|x86.ActiveCfg = Release|Any CPU
		{7314AFD3-2D42-4FC1-9435-7E096ABD95F8}.Release|x86.Build.0 = Release|Any CPU
		{4292318B-1EDB-4752-86E0-F8F55E62A6F2}.Debug|Any CPU.ActiveCfg = Debug|Any CPU
		{4292318B-1EDB-4752-86E0-F8F55E62A6F2}.Debug|Any CPU.Build.0 = Debug|Any CPU
		{4292318B-1EDB-4752-86E0-F8F55E62A6F2}.Debug|x64.ActiveCfg = Debug|Any CPU
		{4292318B-1EDB-4752-86E0-F8F55E62A6F2}.Debug|x64.Build.0 = Debug|Any CPU
		{4292318B-1EDB-4752-86E0-F8F55E62A6F2}.Debug|x86.ActiveCfg = Debug|Any CPU
		{4292318B-1EDB-4752-86E0-F8F55E62A6F2}.Debug|x86.Build.0 = Debug|Any CPU
		{4292318B-1EDB-4752-86E0-F8F55E62A6F2}.Release|Any CPU.ActiveCfg = Release|Any CPU
		{4292318B-1EDB-4752-86E0-F8F55E62A6F2}.Release|Any CPU.Build.0 = Release|Any CPU
		{4292318B-1EDB-4752-86E0-F8F55E62A6F2}.Release|x64.ActiveCfg = Release|Any CPU
		{4292318B-1EDB-4752-86E0-F8F55E62A6F2}.Release|x64.Build.0 = Release|Any CPU
		{4292318B-1EDB-4752-86E0-F8F55E62A6F2}.Release|x86.ActiveCfg = Release|Any CPU
		{4292318B-1EDB-4752-86E0-F8F55E62A6F2}.Release|x86.Build.0 = Release|Any CPU
		{2E33440A-DAE9-4F71-8012-101B70DAB347}.Debug|Any CPU.ActiveCfg = Debug|Any CPU
		{2E33440A-DAE9-4F71-8012-101B70DAB347}.Debug|Any CPU.Build.0 = Debug|Any CPU
		{2E33440A-DAE9-4F71-8012-101B70DAB347}.Debug|x64.ActiveCfg = Debug|Any CPU
		{2E33440A-DAE9-4F71-8012-101B70DAB347}.Debug|x64.Build.0 = Debug|Any CPU
		{2E33440A-DAE9-4F71-8012-101B70DAB347}.Debug|x86.ActiveCfg = Debug|Any CPU
		{2E33440A-DAE9-4F71-8012-101B70DAB347}.Debug|x86.Build.0 = Debug|Any CPU
		{2E33440A-DAE9-4F71-8012-101B70DAB347}.Release|Any CPU.ActiveCfg = Release|Any CPU
		{2E33440A-DAE9-4F71-8012-101B70DAB347}.Release|Any CPU.Build.0 = Release|Any CPU
		{2E33440A-DAE9-4F71-8012-101B70DAB347}.Release|x64.ActiveCfg = Release|Any CPU
		{2E33440A-DAE9-4F71-8012-101B70DAB347}.Release|x64.Build.0 = Release|Any CPU
		{2E33440A-DAE9-4F71-8012-101B70DAB347}.Release|x86.ActiveCfg = Release|Any CPU
		{2E33440A-DAE9-4F71-8012-101B70DAB347}.Release|x86.Build.0 = Release|Any CPU
	EndGlobalSection
	GlobalSection(SolutionProperties) = preSolution
		HideSolutionNode = FALSE
	EndGlobalSection
	GlobalSection(NestedProjects) = preSolution
		{F57642F3-C37C-D174-720E-6A6AAD5BEE22} = {1AE8ACA6-933B-BF2A-3671-3E2EAC007D16}
		{4292318B-1EDB-4752-86E0-F8F55E62A6F2} = {F57642F3-C37C-D174-720E-6A6AAD5BEE22}
		{0F9113EE-888A-26D2-68B0-4A7D0A2A8745} = {1AE8ACA6-933B-BF2A-3671-3E2EAC007D16}
		{2E33440A-DAE9-4F71-8012-101B70DAB347} = {F57642F3-C37C-D174-720E-6A6AAD5BEE22}
	EndGlobalSection
EndGlobal
